// !$*UTF8*$!
{
	archiveVersion = 1;
	classes = {
	};
	objectVersion = 56;
	objects = {

/* Begin PBXBuildFile section */
		C906F499297AD1BC00D92EA6 /* FirebaseTwitterDemoApp.swift in Sources */ = {isa = PBXBuildFile; fileRef = C906F498297AD1BC00D92EA6 /* FirebaseTwitterDemoApp.swift */; };
		C906F49B297AD1BC00D92EA6 /* ContentView.swift in Sources */ = {isa = PBXBuildFile; fileRef = C906F49A297AD1BC00D92EA6 /* ContentView.swift */; };
		C906F49D297AD1BD00D92EA6 /* Assets.xcassets in Resources */ = {isa = PBXBuildFile; fileRef = C906F49C297AD1BD00D92EA6 /* Assets.xcassets */; };
		C906F4A0297AD1BD00D92EA6 /* Preview Assets.xcassets in Resources */ = {isa = PBXBuildFile; fileRef = C906F49F297AD1BD00D92EA6 /* Preview Assets.xcassets */; };
		C906F4A7297AD21C00D92EA6 /* GoogleService-Info.plist in Resources */ = {isa = PBXBuildFile; fileRef = C906F4A6297AD21C00D92EA6 /* GoogleService-Info.plist */; };
		C906F4B2297AD41600D92EA6 /* NormalContainerView.swift in Sources */ = {isa = PBXBuildFile; fileRef = C906F4B1297AD41600D92EA6 /* NormalContainerView.swift */; };
		C906F4B4297AD42200D92EA6 /* ContainerView.swift in Sources */ = {isa = PBXBuildFile; fileRef = C906F4B3297AD42200D92EA6 /* ContainerView.swift */; };
		C906F4B8297AD4AA00D92EA6 /* NormalAuthView.swift in Sources */ = {isa = PBXBuildFile; fileRef = C906F4B7297AD4AA00D92EA6 /* NormalAuthView.swift */; };
		C906F4BA297AD4B800D92EA6 /* NormalMainView.swift in Sources */ = {isa = PBXBuildFile; fileRef = C906F4B9297AD4B800D92EA6 /* NormalMainView.swift */; };
		C906F4BC297AD59D00D92EA6 /* NormalAuthState.swift in Sources */ = {isa = PBXBuildFile; fileRef = C906F4BB297AD59D00D92EA6 /* NormalAuthState.swift */; };
		C906F4BE297ADABE00D92EA6 /* AuthView.swift in Sources */ = {isa = PBXBuildFile; fileRef = C906F4BD297ADABE00D92EA6 /* AuthView.swift */; };
		C906F4C0297ADAC800D92EA6 /* MainView.swift in Sources */ = {isa = PBXBuildFile; fileRef = C906F4BF297ADAC800D92EA6 /* MainView.swift */; };
		C906F4C3297ADAF600D92EA6 /* FirebaseService in Frameworks */ = {isa = PBXBuildFile; productRef = C906F4C2297ADAF600D92EA6 /* FirebaseService */; };
/* End PBXBuildFile section */

/* Begin PBXFileReference section */
		C906F495297AD1BC00D92EA6 /* FirebaseTwitterDemo.app */ = {isa = PBXFileReference; explicitFileType = wrapper.application; includeInIndex = 0; path = FirebaseTwitterDemo.app; sourceTree = BUILT_PRODUCTS_DIR; };
		C906F498297AD1BC00D92EA6 /* FirebaseTwitterDemoApp.swift */ = {isa = PBXFileReference; lastKnownFileType = sourcecode.swift; path = FirebaseTwitterDemoApp.swift; sourceTree = "<group>"; };
		C906F49A297AD1BC00D92EA6 /* ContentView.swift */ = {isa = PBXFileReference; lastKnownFileType = sourcecode.swift; path = ContentView.swift; sourceTree = "<group>"; };
		C906F49C297AD1BD00D92EA6 /* Assets.xcassets */ = {isa = PBXFileReference; lastKnownFileType = folder.assetcatalog; path = Assets.xcassets; sourceTree = "<group>"; };
		C906F49F297AD1BD00D92EA6 /* Preview Assets.xcassets */ = {isa = PBXFileReference; lastKnownFileType = folder.assetcatalog; path = "Preview Assets.xcassets"; sourceTree = "<group>"; };
		C906F4A6297AD21C00D92EA6 /* GoogleService-Info.plist */ = {isa = PBXFileReference; fileEncoding = 4; lastKnownFileType = text.plist.xml; path = "GoogleService-Info.plist"; sourceTree = "<group>"; };
		C906F4B1297AD41600D92EA6 /* NormalContainerView.swift */ = {isa = PBXFileReference; lastKnownFileType = sourcecode.swift; path = NormalContainerView.swift; sourceTree = "<group>"; };
		C906F4B3297AD42200D92EA6 /* ContainerView.swift */ = {isa = PBXFileReference; lastKnownFileType = sourcecode.swift; path = ContainerView.swift; sourceTree = "<group>"; };
		C906F4B7297AD4AA00D92EA6 /* NormalAuthView.swift */ = {isa = PBXFileReference; lastKnownFileType = sourcecode.swift; path = NormalAuthView.swift; sourceTree = "<group>"; };
		C906F4B9297AD4B800D92EA6 /* NormalMainView.swift */ = {isa = PBXFileReference; lastKnownFileType = sourcecode.swift; path = NormalMainView.swift; sourceTree = "<group>"; };
		C906F4BB297AD59D00D92EA6 /* NormalAuthState.swift */ = {isa = PBXFileReference; lastKnownFileType = sourcecode.swift; path = NormalAuthState.swift; sourceTree = "<group>"; };
		C906F4BD297ADABE00D92EA6 /* AuthView.swift */ = {isa = PBXFileReference; lastKnownFileType = sourcecode.swift; path = AuthView.swift; sourceTree = "<group>"; };
		C906F4BF297ADAC800D92EA6 /* MainView.swift */ = {isa = PBXFileReference; lastKnownFileType = sourcecode.swift; path = MainView.swift; sourceTree = "<group>"; };
/* End PBXFileReference section */

/* Begin PBXFrameworksBuildPhase section */
		C906F492297AD1BC00D92EA6 /* Frameworks */ = {
			isa = PBXFrameworksBuildPhase;
			buildActionMask = 2147483647;
			files = (
				C906F4C3297ADAF600D92EA6 /* FirebaseService in Frameworks */,
			);
			runOnlyForDeploymentPostprocessing = 0;
		};
/* End PBXFrameworksBuildPhase section */

/* Begin PBXGroup section */
		C906F48C297AD1BC00D92EA6 = {
			isa = PBXGroup;
			children = (
				C906F497297AD1BC00D92EA6 /* FirebaseTwitterDemo */,
				C906F496297AD1BC00D92EA6 /* Products */,
			);
			sourceTree = "<group>";
		};
		C906F496297AD1BC00D92EA6 /* Products */ = {
			isa = PBXGroup;
			children = (
				C906F495297AD1BC00D92EA6 /* FirebaseTwitterDemo.app */,
			);
			name = Products;
			sourceTree = "<group>";
		};
		C906F497297AD1BC00D92EA6 /* FirebaseTwitterDemo */ = {
			isa = PBXGroup;
			children = (
				C906F498297AD1BC00D92EA6 /* FirebaseTwitterDemoApp.swift */,
				C906F49A297AD1BC00D92EA6 /* ContentView.swift */,
				C906F4B6297AD48E00D92EA6 /* Boosted */,
				C906F4B5297AD48600D92EA6 /* Normal */,
				C906F49C297AD1BD00D92EA6 /* Assets.xcassets */,
				C906F4A6297AD21C00D92EA6 /* GoogleService-Info.plist */,
				C906F49E297AD1BD00D92EA6 /* Preview Content */,
			);
			path = FirebaseTwitterDemo;
			sourceTree = "<group>";
		};
		C906F49E297AD1BD00D92EA6 /* Preview Content */ = {
			isa = PBXGroup;
			children = (
				C906F49F297AD1BD00D92EA6 /* Preview Assets.xcassets */,
			);
			path = "Preview Content";
			sourceTree = "<group>";
		};
		C906F4B5297AD48600D92EA6 /* Normal */ = {
			isa = PBXGroup;
			children = (
				C906F4B1297AD41600D92EA6 /* NormalContainerView.swift */,
				C906F4B7297AD4AA00D92EA6 /* NormalAuthView.swift */,
				C906F4B9297AD4B800D92EA6 /* NormalMainView.swift */,
				C906F4BB297AD59D00D92EA6 /* NormalAuthState.swift */,
			);
			path = Normal;
			sourceTree = "<group>";
		};
		C906F4B6297AD48E00D92EA6 /* Boosted */ = {
			isa = PBXGroup;
			children = (
				C906F4B3297AD42200D92EA6 /* ContainerView.swift */,
				C906F4BD297ADABE00D92EA6 /* AuthView.swift */,
				C906F4BF297ADAC800D92EA6 /* MainView.swift */,
			);
			path = Boosted;
			sourceTree = "<group>";
		};
/* End PBXGroup section */

/* Begin PBXNativeTarget section */
		C906F494297AD1BC00D92EA6 /* FirebaseTwitterDemo */ = {
			isa = PBXNativeTarget;
			buildConfigurationList = C906F4A3297AD1BD00D92EA6 /* Build configuration list for PBXNativeTarget "FirebaseTwitterDemo" */;
			buildPhases = (
				C906F491297AD1BC00D92EA6 /* Sources */,
				C906F492297AD1BC00D92EA6 /* Frameworks */,
				C906F493297AD1BC00D92EA6 /* Resources */,
			);
			buildRules = (
			);
			dependencies = (
			);
			name = FirebaseTwitterDemo;
			packageProductDependencies = (
				C906F4C2297ADAF600D92EA6 /* FirebaseService */,
			);
			productName = FirebaseTwitterDemo;
			productReference = C906F495297AD1BC00D92EA6 /* FirebaseTwitterDemo.app */;
			productType = "com.apple.product-type.application";
		};
/* End PBXNativeTarget section */

/* Begin PBXProject section */
		C906F48D297AD1BC00D92EA6 /* Project object */ = {
			isa = PBXProject;
			attributes = {
				BuildIndependentTargetsInParallel = 1;
				LastSwiftUpdateCheck = 1420;
				LastUpgradeCheck = 1420;
				TargetAttributes = {
					C906F494297AD1BC00D92EA6 = {
						CreatedOnToolsVersion = 14.2;
					};
				};
			};
			buildConfigurationList = C906F490297AD1BC00D92EA6 /* Build configuration list for PBXProject "FirebaseTwitterDemo" */;
			compatibilityVersion = "Xcode 14.0";
			developmentRegion = en;
			hasScannedForEncodings = 0;
			knownRegions = (
				en,
				Base,
			);
			mainGroup = C906F48C297AD1BC00D92EA6;
			packageReferences = (
				C906F4C1297ADAF600D92EA6 /* XCRemoteSwiftPackageReference "FirebaseService" */,
			);
			productRefGroup = C906F496297AD1BC00D92EA6 /* Products */;
			projectDirPath = "";
			projectRoot = "";
			targets = (
				C906F494297AD1BC00D92EA6 /* FirebaseTwitterDemo */,
			);
		};
/* End PBXProject section */

/* Begin PBXResourcesBuildPhase section */
		C906F493297AD1BC00D92EA6 /* Resources */ = {
			isa = PBXResourcesBuildPhase;
			buildActionMask = 2147483647;
			files = (
				C906F4A0297AD1BD00D92EA6 /* Preview Assets.xcassets in Resources */,
				C906F49D297AD1BD00D92EA6 /* Assets.xcassets in Resources */,
				C906F4A7297AD21C00D92EA6 /* GoogleService-Info.plist in Resources */,
			);
			runOnlyForDeploymentPostprocessing = 0;
		};
/* End PBXResourcesBuildPhase section */

/* Begin PBXSourcesBuildPhase section */
		C906F491297AD1BC00D92EA6 /* Sources */ = {
			isa = PBXSourcesBuildPhase;
			buildActionMask = 2147483647;
			files = (
				C906F4B8297AD4AA00D92EA6 /* NormalAuthView.swift in Sources */,
				C906F4C0297ADAC800D92EA6 /* MainView.swift in Sources */,
				C906F4B4297AD42200D92EA6 /* ContainerView.swift in Sources */,
				C906F4BA297AD4B800D92EA6 /* NormalMainView.swift in Sources */,
				C906F4BC297AD59D00D92EA6 /* NormalAuthState.swift in Sources */,
				C906F49B297AD1BC00D92EA6 /* ContentView.swift in Sources */,
				C906F4B2297AD41600D92EA6 /* NormalContainerView.swift in Sources */,
				C906F4BE297ADABE00D92EA6 /* AuthView.swift in Sources */,
				C906F499297AD1BC00D92EA6 /* FirebaseTwitterDemoApp.swift in Sources */,
			);
			runOnlyForDeploymentPostprocessing = 0;
		};
/* End PBXSourcesBuildPhase section */

/* Begin XCBuildConfiguration section */
		C906F4A1297AD1BD00D92EA6 /* Debug */ = {
			isa = XCBuildConfiguration;
			buildSettings = {
				ALWAYS_SEARCH_USER_PATHS = NO;
				CLANG_ANALYZER_NONNULL = YES;
				CLANG_ANALYZER_NUMBER_OBJECT_CONVERSION = YES_AGGRESSIVE;
				CLANG_CXX_LANGUAGE_STANDARD = "gnu++20";
				CLANG_ENABLE_MODULES = YES;
				CLANG_ENABLE_OBJC_ARC = YES;
				CLANG_ENABLE_OBJC_WEAK = YES;
				CLANG_WARN_BLOCK_CAPTURE_AUTORELEASING = YES;
				CLANG_WARN_BOOL_CONVERSION = YES;
				CLANG_WARN_COMMA = YES;
				CLANG_WARN_CONSTANT_CONVERSION = YES;
				CLANG_WARN_DEPRECATED_OBJC_IMPLEMENTATIONS = YES;
				CLANG_WARN_DIRECT_OBJC_ISA_USAGE = YES_ERROR;
				CLANG_WARN_DOCUMENTATION_COMMENTS = YES;
				CLANG_WARN_EMPTY_BODY = YES;
				CLANG_WARN_ENUM_CONVERSION = YES;
				CLANG_WARN_INFINITE_RECURSION = YES;
				CLANG_WARN_INT_CONVERSION = YES;
				CLANG_WARN_NON_LITERAL_NULL_CONVERSION = YES;
				CLANG_WARN_OBJC_IMPLICIT_RETAIN_SELF = YES;
				CLANG_WARN_OBJC_LITERAL_CONVERSION = YES;
				CLANG_WARN_OBJC_ROOT_CLASS = YES_ERROR;
				CLANG_WARN_QUOTED_INCLUDE_IN_FRAMEWORK_HEADER = YES;
				CLANG_WARN_RANGE_LOOP_ANALYSIS = YES;
				CLANG_WARN_STRICT_PROTOTYPES = YES;
				CLANG_WARN_SUSPICIOUS_MOVE = YES;
				CLANG_WARN_UNGUARDED_AVAILABILITY = YES_AGGRESSIVE;
				CLANG_WARN_UNREACHABLE_CODE = YES;
				CLANG_WARN__DUPLICATE_METHOD_MATCH = YES;
				COPY_PHASE_STRIP = NO;
				DEBUG_INFORMATION_FORMAT = dwarf;
				ENABLE_STRICT_OBJC_MSGSEND = YES;
				ENABLE_TESTABILITY = YES;
				GCC_C_LANGUAGE_STANDARD = gnu11;
				GCC_DYNAMIC_NO_PIC = NO;
				GCC_NO_COMMON_BLOCKS = YES;
				GCC_OPTIMIZATION_LEVEL = 0;
				GCC_PREPROCESSOR_DEFINITIONS = (
					"DEBUG=1",
					"$(inherited)",
				);
				GCC_WARN_64_TO_32_BIT_CONVERSION = YES;
				GCC_WARN_ABOUT_RETURN_TYPE = YES_ERROR;
				GCC_WARN_UNDECLARED_SELECTOR = YES;
				GCC_WARN_UNINITIALIZED_AUTOS = YES_AGGRESSIVE;
				GCC_WARN_UNUSED_FUNCTION = YES;
				GCC_WARN_UNUSED_VARIABLE = YES;
				IPHONEOS_DEPLOYMENT_TARGET = 16.2;
				MTL_ENABLE_DEBUG_INFO = INCLUDE_SOURCE;
				MTL_FAST_MATH = YES;
				ONLY_ACTIVE_ARCH = YES;
				SDKROOT = iphoneos;
				SWIFT_ACTIVE_COMPILATION_CONDITIONS = DEBUG;
				SWIFT_OPTIMIZATION_LEVEL = "-Onone";
			};
			name = Debug;
		};
		C906F4A2297AD1BD00D92EA6 /* Release */ = {
			isa = XCBuildConfiguration;
			buildSettings = {
				ALWAYS_SEARCH_USER_PATHS = NO;
				CLANG_ANALYZER_NONNULL = YES;
				CLANG_ANALYZER_NUMBER_OBJECT_CONVERSION = YES_AGGRESSIVE;
				CLANG_CXX_LANGUAGE_STANDARD = "gnu++20";
				CLANG_ENABLE_MODULES = YES;
				CLANG_ENABLE_OBJC_ARC = YES;
				CLANG_ENABLE_OBJC_WEAK = YES;
				CLANG_WARN_BLOCK_CAPTURE_AUTORELEASING = YES;
				CLANG_WARN_BOOL_CONVERSION = YES;
				CLANG_WARN_COMMA = YES;
				CLANG_WARN_CONSTANT_CONVERSION = YES;
				CLANG_WARN_DEPRECATED_OBJC_IMPLEMENTATIONS = YES;
				CLANG_WARN_DIRECT_OBJC_ISA_USAGE = YES_ERROR;
				CLANG_WARN_DOCUMENTATION_COMMENTS = YES;
				CLANG_WARN_EMPTY_BODY = YES;
				CLANG_WARN_ENUM_CONVERSION = YES;
				CLANG_WARN_INFINITE_RECURSION = YES;
				CLANG_WARN_INT_CONVERSION = YES;
				CLANG_WARN_NON_LITERAL_NULL_CONVERSION = YES;
				CLANG_WARN_OBJC_IMPLICIT_RETAIN_SELF = YES;
				CLANG_WARN_OBJC_LITERAL_CONVERSION = YES;
				CLANG_WARN_OBJC_ROOT_CLASS = YES_ERROR;
				CLANG_WARN_QUOTED_INCLUDE_IN_FRAMEWORK_HEADER = YES;
				CLANG_WARN_RANGE_LOOP_ANALYSIS = YES;
				CLANG_WARN_STRICT_PROTOTYPES = YES;
				CLANG_WARN_SUSPICIOUS_MOVE = YES;
				CLANG_WARN_UNGUARDED_AVAILABILITY = YES_AGGRESSIVE;
				CLANG_WARN_UNREACHABLE_CODE = YES;
				CLANG_WARN__DUPLICATE_METHOD_MATCH = YES;
				COPY_PHASE_STRIP = NO;
				DEBUG_INFORMATION_FORMAT = "dwarf-with-dsym";
				ENABLE_NS_ASSERTIONS = NO;
				ENABLE_STRICT_OBJC_MSGSEND = YES;
				GCC_C_LANGUAGE_STANDARD = gnu11;
				GCC_NO_COMMON_BLOCKS = YES;
				GCC_WARN_64_TO_32_BIT_CONVERSION = YES;
				GCC_WARN_ABOUT_RETURN_TYPE = YES_ERROR;
				GCC_WARN_UNDECLARED_SELECTOR = YES;
				GCC_WARN_UNINITIALIZED_AUTOS = YES_AGGRESSIVE;
				GCC_WARN_UNUSED_FUNCTION = YES;
				GCC_WARN_UNUSED_VARIABLE = YES;
				IPHONEOS_DEPLOYMENT_TARGET = 16.2;
				MTL_ENABLE_DEBUG_INFO = NO;
				MTL_FAST_MATH = YES;
				SDKROOT = iphoneos;
				SWIFT_COMPILATION_MODE = wholemodule;
				SWIFT_OPTIMIZATION_LEVEL = "-O";
				VALIDATE_PRODUCT = YES;
			};
			name = Release;
		};
		C906F4A4297AD1BD00D92EA6 /* Debug */ = {
			isa = XCBuildConfiguration;
			buildSettings = {
				ASSETCATALOG_COMPILER_APPICON_NAME = AppIcon;
				ASSETCATALOG_COMPILER_GLOBAL_ACCENT_COLOR_NAME = AccentColor;
				CODE_SIGN_STYLE = Automatic;
				CURRENT_PROJECT_VERSION = 1;
				DEVELOPMENT_ASSET_PATHS = "\"FirebaseTwitterDemo/Preview Content\"";
				DEVELOPMENT_TEAM = R252PR8AVU;
				ENABLE_PREVIEWS = YES;
				GENERATE_INFOPLIST_FILE = YES;
				INFOPLIST_KEY_UIApplicationSceneManifest_Generation = YES;
				INFOPLIST_KEY_UIApplicationSupportsIndirectInputEvents = YES;
				INFOPLIST_KEY_UILaunchScreen_Generation = YES;
				INFOPLIST_KEY_UISupportedInterfaceOrientations_iPad = "UIInterfaceOrientationPortrait UIInterfaceOrientationPortraitUpsideDown UIInterfaceOrientationLandscapeLeft UIInterfaceOrientationLandscapeRight";
				INFOPLIST_KEY_UISupportedInterfaceOrientations_iPhone = "UIInterfaceOrientationPortrait UIInterfaceOrientationLandscapeLeft UIInterfaceOrientationLandscapeRight";
				LD_RUNPATH_SEARCH_PATHS = (
					"$(inherited)",
					"@executable_path/Frameworks",
				);
				MARKETING_VERSION = 1.0;
				PRODUCT_BUNDLE_IDENTIFIER = com.rebeloper.FirebaseTwitterDemo;
				PRODUCT_NAME = "$(TARGET_NAME)";
				SWIFT_EMIT_LOC_STRINGS = YES;
				SWIFT_VERSION = 5.0;
				TARGETED_DEVICE_FAMILY = "1,2";
			};
			name = Debug;
		};
		C906F4A5297AD1BD00D92EA6 /* Release */ = {
			isa = XCBuildConfiguration;
			buildSettings = {
				ASSETCATALOG_COMPILER_APPICON_NAME = AppIcon;
				ASSETCATALOG_COMPILER_GLOBAL_ACCENT_COLOR_NAME = AccentColor;
				CODE_SIGN_STYLE = Automatic;
				CURRENT_PROJECT_VERSION = 1;
				DEVELOPMENT_ASSET_PATHS = "\"FirebaseTwitterDemo/Preview Content\"";
				DEVELOPMENT_TEAM = R252PR8AVU;
				ENABLE_PREVIEWS = YES;
				GENERATE_INFOPLIST_FILE = YES;
				INFOPLIST_KEY_UIApplicationSceneManifest_Generation = YES;
				INFOPLIST_KEY_UIApplicationSupportsIndirectInputEvents = YES;
				INFOPLIST_KEY_UILaunchScreen_Generation = YES;
				INFOPLIST_KEY_UISupportedInterfaceOrientations_iPad = "UIInterfaceOrientationPortrait UIInterfaceOrientationPortraitUpsideDown UIInterfaceOrientationLandscapeLeft UIInterfaceOrientationLandscapeRight";
				INFOPLIST_KEY_UISupportedInterfaceOrientations_iPhone = "UIInterfaceOrientationPortrait UIInterfaceOrientationLandscapeLeft UIInterfaceOrientationLandscapeRight";
				LD_RUNPATH_SEARCH_PATHS = (
					"$(inherited)",
					"@executable_path/Frameworks",
				);
				MARKETING_VERSION = 1.0;
				PRODUCT_BUNDLE_IDENTIFIER = com.rebeloper.FirebaseTwitterDemo;
				PRODUCT_NAME = "$(TARGET_NAME)";
				SWIFT_EMIT_LOC_STRINGS = YES;
				SWIFT_VERSION = 5.0;
				TARGETED_DEVICE_FAMILY = "1,2";
			};
			name = Release;
		};
/* End XCBuildConfiguration section */

/* Begin XCConfigurationList section */
		C906F490297AD1BC00D92EA6 /* Build configuration list for PBXProject "FirebaseTwitterDemo" */ = {
			isa = XCConfigurationList;
			buildConfigurations = (
				C906F4A1297AD1BD00D92EA6 /* Debug */,
				C906F4A2297AD1BD00D92EA6 /* Release */,
			);
			defaultConfigurationIsVisible = 0;
			defaultConfigurationName = Release;
		};
		C906F4A3297AD1BD00D92EA6 /* Build configuration list for PBXNativeTarget "FirebaseTwitterDemo" */ = {
			isa = XCConfigurationList;
			buildConfigurations = (
				C906F4A4297AD1BD00D92EA6 /* Debug */,
				C906F4A5297AD1BD00D92EA6 /* Release */,
			);
			defaultConfigurationIsVisible = 0;
			defaultConfigurationName = Release;
		};
/* End XCConfigurationList section */

/* Begin XCRemoteSwiftPackageReference section */
		C906F4C1297ADAF600D92EA6 /* XCRemoteSwiftPackageReference "FirebaseService" */ = {
			isa = XCRemoteSwiftPackageReference;
			repositoryURL = "https://github.com/rebeloper/FirebaseService.git";
			requirement = {
				kind = upToNextMajorVersion;
				minimumVersion = 4.0.0;
			};
		};
/* End XCRemoteSwiftPackageReference section */

/* Begin XCSwiftPackageProductDependency section */
		C906F4C2297ADAF600D92EA6 /* FirebaseService */ = {
			isa = XCSwiftPackageProductDependency;
			package = C906F4C1297ADAF600D92EA6 /* XCRemoteSwiftPackageReference "FirebaseService" */;
			productName = FirebaseService;
		};
/* End XCSwiftPackageProductDependency section */
	};
	rootObject = C906F48D297AD1BC00D92EA6 /* Project object */;
}
